
Microsoft Visual Studio Solution File, Format Version 12.00
# Visual Studio Version 17
VisualStudioVersion = 17.12.35527.113
MinimumVisualStudioVersion = 10.0.40219.1
Project("{8BC9CEB8-8B4A-11D0-8D11-00A0C91BC942}") = "Sandbox", "Sandbox\Sandbox.vcxproj", "{6B3593E2-775D-46E5-9132-70028A6514A7}"
EndProject
Project("{8BC9CEB8-8B4A-11D0-8D11-00A0C91BC942}") = "MatteoGameEngine", "MatteoGameEngine\MatteoGameEngine.vcxproj", "{73072F4C-5567-4D91-A495-0348E591CC68}"
EndProject
Global
	GlobalSection(SolutionConfigurationPlatforms) = preSolution
		Debug|x64 = Debug|x64
		Release|x64 = Release|x64
	EndGlobalSection
	GlobalSection(ProjectConfigurationPlatforms) = postSolution
		{73072F4C-5567-4D91-A495-0348E591CC68}.Debug|x64.ActiveCfg = Debug|x64
		{73072F4C-5567-4D91-A495-0348E591CC68}.Debug|x64.Build.0 = Debug|x64
		{73072F4C-5567-4D91-A495-0348E591CC68}.Release|x64.ActiveCfg = Release|x64
		{73072F4C-5567-4D91-A495-0348E591CC68}.Release|x64.Build.0 = Release|x64
		{6B3593E2-775D-46E5-9132-70028A6514A7}.Debug|x64.ActiveCfg = Debug|x64
		{6B3593E2-775D-46E5-9132-70028A6514A7}.Debug|x64.Build.0 = Debug|x64
		{6B3593E2-775D-46E5-9132-70028A6514A7}.Release|x64.ActiveCfg = Release|x64
		{6B3593E2-775D-46E5-9132-70028A6514A7}.Release|x64.Build.0 = Release|x64
	EndGlobalSection
	GlobalSection(SolutionProperties) = preSolution
		HideSolutionNode = FALSE
	EndGlobalSection
EndGlobal
