<?xml version="1.0" encoding="utf-8"?>
<Project ToolsVersion="4.0" xmlns="http://schemas.microsoft.com/developer/msbuild/2003">
  <ItemGroup>
    <Filter Include="GameEngine">
      <UniqueIdentifier>{D54F7917-C107-BB64-2A0F-94C016E65555}</UniqueIdentifier>
    </Filter>
    <Filter Include="GameEngine\Events">
      <UniqueIdentifier>{193A4684-8550-441A-CEC7-CF3B3A1D15A2}</UniqueIdentifier>
    </Filter>
    <Filter Include="GameEngine\Layers">
      <UniqueIdentifier>{F4242993-603B-2729-A9B2-B24A1508F8B0}</UniqueIdentifier>
    </Filter>
    <Filter Include="GameEngine\Layers\ImGui">
      <UniqueIdentifier>{1E81FE8F-8AB8-4627-93C2-AA4AFF786D20}</UniqueIdentifier>
    </Filter>
    <Filter Include="GameEngine\Layers\ImGui\GLFW">
      <UniqueIdentifier>{1D9FAC71-095A-9C1D-B211-15689EABE6AD}</UniqueIdentifier>
    </Filter>
    <Filter Include="GameEngine\Platform">
      <UniqueIdentifier>{C92BDBCA-358D-B8D8-BEFA-FE8A2A5BEF97}</UniqueIdentifier>
    </Filter>
    <Filter Include="GameEngine\Platform\OpenGL">
      <UniqueIdentifier>{DD984917-C9A8-F5E7-3262-5A061E91E480}</UniqueIdentifier>
    </Filter>
    <Filter Include="GameEngine\Platform\Windows">
      <UniqueIdentifier>{038F9858-6F9C-C63E-F882-C229648F92F5}</UniqueIdentifier>
    </Filter>
    <Filter Include="GameEngine\Platform\Windows\Input">
      <UniqueIdentifier>{4235808C-AEA3-D50B-F78C-900B633ACBA7}</UniqueIdentifier>
    </Filter>
    <Filter Include="GameEngine\Utilities">
      <UniqueIdentifier>{80021F24-6C91-A8ED-15B0-BCE8011EB993}</UniqueIdentifier>
    </Filter>
  </ItemGroup>
  <ItemGroup>
    <ClInclude Include="src\GameEngine\Application.h">
      <Filter>GameEngine</Filter>
    </ClInclude>
    <ClInclude Include="src\GameEngine\Core.h">
      <Filter>GameEngine</Filter>
    </ClInclude>
    <ClInclude Include="src\GameEngine\EntryPoint.h">
      <Filter>GameEngine</Filter>
    </ClInclude>
    <ClInclude Include="src\GameEngine\Events\ApplicationEvent.h">
      <Filter>GameEngine\Events</Filter>
    </ClInclude>
    <ClInclude Include="src\GameEngine\Events\Event.h">
      <Filter>GameEngine\Events</Filter>
    </ClInclude>
    <ClInclude Include="src\GameEngine\Events\KeyEvent.h">
      <Filter>GameEngine\Events</Filter>
    </ClInclude>
    <ClInclude Include="src\GameEngine\Events\MouseEvent.h">
      <Filter>GameEngine\Events</Filter>
    </ClInclude>
    <ClInclude Include="src\GameEngine\Input.h">
      <Filter>GameEngine</Filter>
    </ClInclude>
    <ClInclude Include="src\GameEngine\Layers\ImGui\GLFW\ImGuiGLFWImplementation.h">
      <Filter>GameEngine\Layers\ImGui\GLFW</Filter>
    </ClInclude>
    <ClInclude Include="src\GameEngine\Layers\ImGui\ImGuiLayer.h">
      <Filter>GameEngine\Layers\ImGui</Filter>
    </ClInclude>
    <ClInclude Include="src\GameEngine\Layers\Layer.h">
      <Filter>GameEngine\Layers</Filter>
    </ClInclude>
    <ClInclude Include="src\GameEngine\Layers\LayersStack.h">
      <Filter>GameEngine\Layers</Filter>
    </ClInclude>
    <ClInclude Include="src\GameEngine\Log.h">
      <Filter>GameEngine</Filter>
    </ClInclude>
    <ClInclude Include="src\GameEngine\Platform\OpenGL\ImGuiOpenGLRenderer.h">
      <Filter>GameEngine\Platform\OpenGL</Filter>
    </ClInclude>
    <ClInclude Include="src\GameEngine\Platform\OpenGL\imgui_impl_opengl3_loader.h">
      <Filter>GameEngine\Platform\OpenGL</Filter>
    </ClInclude>
    <ClInclude Include="src\GameEngine\Platform\Windows\Input\WindowsInput.h">
      <Filter>GameEngine\Platform\Windows\Input</Filter>
    </ClInclude>
    <ClInclude Include="src\GameEngine\Platform\Windows\WindowsWindow.h">
      <Filter>GameEngine\Platform\Windows</Filter>
    </ClInclude>
    <ClInclude Include="src\GameEngine\Utilities\KeyCodes.h">
      <Filter>GameEngine\Utilities</Filter>
    </ClInclude>
    <ClInclude Include="src\GameEngine\Utilities\MouseCodes.h">
      <Filter>GameEngine\Utilities</Filter>
    </ClInclude>
    <ClInclude Include="src\GameEngine\Window.h">
      <Filter>GameEngine</Filter>
    </ClInclude>
    <ClInclude Include="src\GenginePCH.h" />
    <ClInclude Include="src\MatteoGameEngine.h" />
    <ClInclude Include="src\GameEngine\Utilities\MGEngineKeyCodes.h" />
    <ClInclude Include="src\GameEngine\Utilities\MGEngineMouseCodes.h" />
  </ItemGroup>
  <ItemGroup>
    <ClCompile Include="src\GameEngine\Application.cpp">
      <Filter>GameEngine</Filter>
    </ClCompile>
    <ClCompile Include="src\GameEngine\Layers\ImGui\GLFW\ImGuiGLFWImplementation.cpp">
      <Filter>GameEngine\Layers\ImGui\GLFW</Filter>
    </ClCompile>
    <ClCompile Include="src\GameEngine\Layers\ImGui\ImGuiLayer.cpp">
      <Filter>GameEngine\Layers\ImGui</Filter>
    </ClCompile>
    <ClCompile Include="src\GameEngine\Layers\Layer.cpp">
      <Filter>GameEngine\Layers</Filter>
    </ClCompile>
    <ClCompile Include="src\GameEngine\Layers\LayersStack.cpp">
      <Filter>GameEngine\Layers</Filter>
    </ClCompile>
    <ClCompile Include="src\GameEngine\Log.cpp">
      <Filter>GameEngine</Filter>
    </ClCompile>
    <ClCompile Include="src\GameEngine\Platform\OpenGL\ImGuiOpenGLRenderer.cpp">
      <Filter>GameEngine\Platform\OpenGL</Filter>
    </ClCompile>
    <ClCompile Include="src\GameEngine\Platform\Windows\Input\WindowsInput.cpp">
      <Filter>GameEngine\Platform\Windows\Input</Filter>
    </ClCompile>
    <ClCompile Include="src\GameEngine\Platform\Windows\WindowsWindow.cpp">
      <Filter>GameEngine\Platform\Windows</Filter>
    </ClCompile>
    <ClCompile Include="src\GenginePCH.cpp" />
  </ItemGroup>
</Project>